
Microsoft Visual Studio Solution File, Format Version 12.00
# Visual Studio Version 16
VisualStudioVersion = 16.0.30611.23
MinimumVisualStudioVersion = 10.0.40219.1
Project("{9A19103F-16F7-4668-BE54-9A1E7A4F7556}") = "CoopSimulator", "CoopSimulator\CoopSimulator.csproj", "{BD34A4B9-45EF-4948-ABE9-ADEC63709FE9}"
EndProject
Global
	GlobalSection(SolutionConfigurationPlatforms) = preSolution
		Debug|Any CPU = Debug|Any CPU
		Release|Any CPU = Release|Any CPU
	EndGlobalSection
	GlobalSection(ProjectConfigurationPlatforms) = postSolution
		{BD34A4B9-45EF-4948-ABE9-ADEC63709FE9}.Debug|Any CPU.ActiveCfg = Debug|Any CPU
		{BD34A4B9-45EF-4948-ABE9-ADEC63709FE9}.Debug|Any CPU.Build.0 = Debug|Any CPU
		{BD34A4B9-45EF-4948-ABE9-ADEC63709FE9}.Release|Any CPU.ActiveCfg = Release|Any CPU
		{BD34A4B9-45EF-4948-ABE9-ADEC63709FE9}.Release|Any CPU.Build.0 = Release|Any CPU
	EndGlobalSection
	GlobalSection(SolutionProperties) = preSolution
		HideSolutionNode = FALSE
	EndGlobalSection
	GlobalSection(ExtensibilityGlobals) = postSolution
		SolutionGuid = {7AFC0D12-2724-4171-A8AF-76108D09CEA0}
	EndGlobalSection
EndGlobal
